// !$*UTF8*$!
{
	archiveVersion = 1;
	classes = {
	};
	objectVersion = 55;
	objects = {

/* Begin PBXBuildFile section */
		60241D1928F04BF8008CBB38 /* AppDelegate.swift in Sources */ = {isa = PBXBuildFile; fileRef = 60241D1828F04BF8008CBB38 /* AppDelegate.swift */; };
		60241D1B28F04BF8008CBB38 /* SceneDelegate.swift in Sources */ = {isa = PBXBuildFile; fileRef = 60241D1A28F04BF8008CBB38 /* SceneDelegate.swift */; };
		60241D1D28F04BF8008CBB38 /* StartViewController.swift in Sources */ = {isa = PBXBuildFile; fileRef = 60241D1C28F04BF8008CBB38 /* StartViewController.swift */; };
		60241D2028F04BF8008CBB38 /* Main.storyboard in Resources */ = {isa = PBXBuildFile; fileRef = 60241D1E28F04BF8008CBB38 /* Main.storyboard */; };
		60241D2228F04BF9008CBB38 /* Assets.xcassets in Resources */ = {isa = PBXBuildFile; fileRef = 60241D2128F04BF9008CBB38 /* Assets.xcassets */; };
		60241D2528F04BF9008CBB38 /* LaunchScreen.storyboard in Resources */ = {isa = PBXBuildFile; fileRef = 60241D2328F04BF9008CBB38 /* LaunchScreen.storyboard */; };
		60241D3428F04DC3008CBB38 /* ResultsViewController.swift in Sources */ = {isa = PBXBuildFile; fileRef = 60241D3328F04DC3008CBB38 /* ResultsViewController.swift */; };
		60241D3628F04DE4008CBB38 /* Questions.swift in Sources */ = {isa = PBXBuildFile; fileRef = 60241D3528F04DE4008CBB38 /* Questions.swift */; };
		603746D228F16B1800F2F75C /* AnswersViewController.swift in Sources */ = {isa = PBXBuildFile; fileRef = 603746D128F16B1800F2F75C /* AnswersViewController.swift */; };
/* End PBXBuildFile section */

/* Begin PBXFileReference section */
		60241D1528F04BF8008CBB38 /* PersonalQuizSelf.app */ = {isa = PBXFileReference; explicitFileType = wrapper.application; includeInIndex = 0; path = PersonalQuizSelf.app; sourceTree = BUILT_PRODUCTS_DIR; };
		60241D1828F04BF8008CBB38 /* AppDelegate.swift */ = {isa = PBXFileReference; lastKnownFileType = sourcecode.swift; path = AppDelegate.swift; sourceTree = "<group>"; };
		60241D1A28F04BF8008CBB38 /* SceneDelegate.swift */ = {isa = PBXFileReference; lastKnownFileType = sourcecode.swift; path = SceneDelegate.swift; sourceTree = "<group>"; };
		60241D1C28F04BF8008CBB38 /* StartViewController.swift */ = {isa = PBXFileReference; lastKnownFileType = sourcecode.swift; path = StartViewController.swift; sourceTree = "<group>"; };
		60241D1F28F04BF8008CBB38 /* Base */ = {isa = PBXFileReference; lastKnownFileType = file.storyboard; name = Base; path = Base.lproj/Main.storyboard; sourceTree = "<group>"; };
		60241D2128F04BF9008CBB38 /* Assets.xcassets */ = {isa = PBXFileReference; lastKnownFileType = folder.assetcatalog; path = Assets.xcassets; sourceTree = "<group>"; };
		60241D2428F04BF9008CBB38 /* Base */ = {isa = PBXFileReference; lastKnownFileType = file.storyboard; name = Base; path = Base.lproj/LaunchScreen.storyboard; sourceTree = "<group>"; };
		60241D2628F04BF9008CBB38 /* Info.plist */ = {isa = PBXFileReference; lastKnownFileType = text.plist.xml; path = Info.plist; sourceTree = "<group>"; };
		60241D3328F04DC3008CBB38 /* ResultsViewController.swift */ = {isa = PBXFileReference; lastKnownFileType = sourcecode.swift; path = ResultsViewController.swift; sourceTree = "<group>"; };
		60241D3528F04DE4008CBB38 /* Questions.swift */ = {isa = PBXFileReference; lastKnownFileType = sourcecode.swift; path = Questions.swift; sourceTree = "<group>"; };
		603746D128F16B1800F2F75C /* AnswersViewController.swift */ = {isa = PBXFileReference; lastKnownFileType = sourcecode.swift; path = AnswersViewController.swift; sourceTree = "<group>"; };
/* End PBXFileReference section */

/* Begin PBXFrameworksBuildPhase section */
		60241D1228F04BF8008CBB38 /* Frameworks */ = {
			isa = PBXFrameworksBuildPhase;
			buildActionMask = 2147483647;
			files = (
			);
			runOnlyForDeploymentPostprocessing = 0;
		};
/* End PBXFrameworksBuildPhase section */

/* Begin PBXGroup section */
		60241D0C28F04BF8008CBB38 = {
			isa = PBXGroup;
			children = (
				60241D1728F04BF8008CBB38 /* PersonalQuizSelf */,
				60241D1628F04BF8008CBB38 /* Products */,
			);
			sourceTree = "<group>";
		};
		60241D1628F04BF8008CBB38 /* Products */ = {
			isa = PBXGroup;
			children = (
				60241D1528F04BF8008CBB38 /* PersonalQuizSelf.app */,
			);
			name = Products;
			sourceTree = "<group>";
		};
		60241D1728F04BF8008CBB38 /* PersonalQuizSelf */ = {
			isa = PBXGroup;
			children = (
				60241D2D28F04C1F008CBB38 /* ViewControllers */,
				60241D2E28F04C2F008CBB38 /* Storyboards */,
				60241D2C28F04C16008CBB38 /* Models */,
				60241D3028F04C51008CBB38 /* Media files */,
				60241D2F28F04C3A008CBB38 /* Support files */,
			);
			path = PersonalQuizSelf;
			sourceTree = "<group>";
		};
		60241D2C28F04C16008CBB38 /* Models */ = {
			isa = PBXGroup;
			children = (
				60241D3528F04DE4008CBB38 /* Questions.swift */,
			);
			name = Models;
			sourceTree = "<group>";
		};
		60241D2D28F04C1F008CBB38 /* ViewControllers */ = {
			isa = PBXGroup;
			children = (
				603746D128F16B1800F2F75C /* AnswersViewController.swift */,
				60241D1C28F04BF8008CBB38 /* StartViewController.swift */,
				60241D3328F04DC3008CBB38 /* ResultsViewController.swift */,
			);
			path = ViewControllers;
			sourceTree = "<group>";
		};
		60241D2E28F04C2F008CBB38 /* Storyboards */ = {
			isa = PBXGroup;
			children = (
				60241D2328F04BF9008CBB38 /* LaunchScreen.storyboard */,
				60241D1E28F04BF8008CBB38 /* Main.storyboard */,
			);
			name = Storyboards;
			sourceTree = "<group>";
		};
		60241D2F28F04C3A008CBB38 /* Support files */ = {
			isa = PBXGroup;
			children = (
				60241D1828F04BF8008CBB38 /* AppDelegate.swift */,
				60241D1A28F04BF8008CBB38 /* SceneDelegate.swift */,
				60241D2628F04BF9008CBB38 /* Info.plist */,
			);
			path = "Support files";
			sourceTree = "<group>";
		};
		60241D3028F04C51008CBB38 /* Media files */ = {
			isa = PBXGroup;
			children = (
				60241D2128F04BF9008CBB38 /* Assets.xcassets */,
			);
			name = "Media files";
			sourceTree = "<group>";
		};
/* End PBXGroup section */

/* Begin PBXNativeTarget section */
		60241D1428F04BF8008CBB38 /* PersonalQuizSelf */ = {
			isa = PBXNativeTarget;
			buildConfigurationList = 60241D2928F04BF9008CBB38 /* Build configuration list for PBXNativeTarget "PersonalQuizSelf" */;
			buildPhases = (
				60241D1128F04BF8008CBB38 /* Sources */,
				60241D1228F04BF8008CBB38 /* Frameworks */,
				60241D1328F04BF8008CBB38 /* Resources */,
			);
			buildRules = (
			);
			dependencies = (
			);
			name = PersonalQuizSelf;
			productName = PersonalQuizSelf;
			productReference = 60241D1528F04BF8008CBB38 /* PersonalQuizSelf.app */;
			productType = "com.apple.product-type.application";
		};
/* End PBXNativeTarget section */

/* Begin PBXProject section */
		60241D0D28F04BF8008CBB38 /* Project object */ = {
			isa = PBXProject;
			attributes = {
				BuildIndependentTargetsInParallel = 1;
				LastSwiftUpdateCheck = 1340;
				LastUpgradeCheck = 1340;
				TargetAttributes = {
					60241D1428F04BF8008CBB38 = {
						CreatedOnToolsVersion = 13.4.1;
					};
				};
			};
			buildConfigurationList = 60241D1028F04BF8008CBB38 /* Build configuration list for PBXProject "PersonalQuizSelf" */;
			compatibilityVersion = "Xcode 13.0";
			developmentRegion = en;
			hasScannedForEncodings = 0;
			knownRegions = (
				en,
				Base,
			);
			mainGroup = 60241D0C28F04BF8008CBB38;
			productRefGroup = 60241D1628F04BF8008CBB38 /* Products */;
			projectDirPath = "";
			projectRoot = "";
			targets = (
				60241D1428F04BF8008CBB38 /* PersonalQuizSelf */,
			);
		};
/* End PBXProject section */

/* Begin PBXResourcesBuildPhase section */
		60241D1328F04BF8008CBB38 /* Resources */ = {
			isa = PBXResourcesBuildPhase;
			buildActionMask = 2147483647;
			files = (
				60241D2528F04BF9008CBB38 /* LaunchScreen.storyboard in Resources */,
				60241D2228F04BF9008CBB38 /* Assets.xcassets in Resources */,
				60241D2028F04BF8008CBB38 /* Main.storyboard in Resources */,
			);
			runOnlyForDeploymentPostprocessing = 0;
		};
/* End PBXResourcesBuildPhase section */

/* Begin PBXSourcesBuildPhase section */
		60241D1128F04BF8008CBB38 /* Sources */ = {
			isa = PBXSourcesBuildPhase;
			buildActionMask = 2147483647;
			files = (
				603746D228F16B1800F2F75C /* AnswersViewController.swift in Sources */,
				60241D1D28F04BF8008CBB38 /* StartViewController.swift in Sources */,
				60241D1928F04BF8008CBB38 /* AppDelegate.swift in Sources */,
				60241D3628F04DE4008CBB38 /* Questions.swift in Sources */,
				60241D3428F04DC3008CBB38 /* ResultsViewController.swift in Sources */,
				60241D1B28F04BF8008CBB38 /* SceneDelegate.swift in Sources */,
			);
			runOnlyForDeploymentPostprocessing = 0;
		};
/* End PBXSourcesBuildPhase section */

/* Begin PBXVariantGroup section */
		60241D1E28F04BF8008CBB38 /* Main.storyboard */ = {
			isa = PBXVariantGroup;
			children = (
				60241D1F28F04BF8008CBB38 /* Base */,
			);
			name = Main.storyboard;
			sourceTree = "<group>";
		};
		60241D2328F04BF9008CBB38 /* LaunchScreen.storyboard */ = {
			isa = PBXVariantGroup;
			children = (
				60241D2428F04BF9008CBB38 /* Base */,
			);
			name = LaunchScreen.storyboard;
			sourceTree = "<group>";
		};
/* End PBXVariantGroup section */

/* Begin XCBuildConfiguration section */
		60241D2728F04BF9008CBB38 /* Debug */ = {
			isa = XCBuildConfiguration;
			buildSettings = {
				ALWAYS_SEARCH_USER_PATHS = NO;
				CLANG_ANALYZER_NONNULL = YES;
				CLANG_ANALYZER_NUMBER_OBJECT_CONVERSION = YES_AGGRESSIVE;
				CLANG_CXX_LANGUAGE_STANDARD = "gnu++17";
				CLANG_ENABLE_MODULES = YES;
				CLANG_ENABLE_OBJC_ARC = YES;
				CLANG_ENABLE_OBJC_WEAK = YES;
				CLANG_WARN_BLOCK_CAPTURE_AUTORELEASING = YES;
				CLANG_WARN_BOOL_CONVERSION = YES;
				CLANG_WARN_COMMA = YES;
				CLANG_WARN_CONSTANT_CONVERSION = YES;
				CLANG_WARN_DEPRECATED_OBJC_IMPLEMENTATIONS = YES;
				CLANG_WARN_DIRECT_OBJC_ISA_USAGE = YES_ERROR;
				CLANG_WARN_DOCUMENTATION_COMMENTS = YES;
				CLANG_WARN_EMPTY_BODY = YES;
				CLANG_WARN_ENUM_CONVERSION = YES;
				CLANG_WARN_INFINITE_RECURSION = YES;
				CLANG_WARN_INT_CONVERSION = YES;
				CLANG_WARN_NON_LITERAL_NULL_CONVERSION = YES;
				CLANG_WARN_OBJC_IMPLICIT_RETAIN_SELF = YES;
				CLANG_WARN_OBJC_LITERAL_CONVERSION = YES;
				CLANG_WARN_OBJC_ROOT_CLASS = YES_ERROR;
				CLANG_WARN_QUOTED_INCLUDE_IN_FRAMEWORK_HEADER = YES;
				CLANG_WARN_RANGE_LOOP_ANALYSIS = YES;
				CLANG_WARN_STRICT_PROTOTYPES = YES;
				CLANG_WARN_SUSPICIOUS_MOVE = YES;
				CLANG_WARN_UNGUARDED_AVAILABILITY = YES_AGGRESSIVE;
				CLANG_WARN_UNREACHABLE_CODE = YES;
				CLANG_WARN__DUPLICATE_METHOD_MATCH = YES;
				COPY_PHASE_STRIP = NO;
				DEBUG_INFORMATION_FORMAT = dwarf;
				ENABLE_STRICT_OBJC_MSGSEND = YES;
				ENABLE_TESTABILITY = YES;
				GCC_C_LANGUAGE_STANDARD = gnu11;
				GCC_DYNAMIC_NO_PIC = NO;
				GCC_NO_COMMON_BLOCKS = YES;
				GCC_OPTIMIZATION_LEVEL = 0;
				GCC_PREPROCESSOR_DEFINITIONS = (
					"DEBUG=1",
					"$(inherited)",
				);
				GCC_WARN_64_TO_32_BIT_CONVERSION = YES;
				GCC_WARN_ABOUT_RETURN_TYPE = YES_ERROR;
				GCC_WARN_UNDECLARED_SELECTOR = YES;
				GCC_WARN_UNINITIALIZED_AUTOS = YES_AGGRESSIVE;
				GCC_WARN_UNUSED_FUNCTION = YES;
				GCC_WARN_UNUSED_VARIABLE = YES;
				IPHONEOS_DEPLOYMENT_TARGET = 15.5;
				MTL_ENABLE_DEBUG_INFO = INCLUDE_SOURCE;
				MTL_FAST_MATH = YES;
				ONLY_ACTIVE_ARCH = YES;
				SDKROOT = iphoneos;
				SWIFT_ACTIVE_COMPILATION_CONDITIONS = DEBUG;
				SWIFT_OPTIMIZATION_LEVEL = "-Onone";
			};
			name = Debug;
		};
		60241D2828F04BF9008CBB38 /* Release */ = {
			isa = XCBuildConfiguration;
			buildSettings = {
				ALWAYS_SEARCH_USER_PATHS = NO;
				CLANG_ANALYZER_NONNULL = YES;
				CLANG_ANALYZER_NUMBER_OBJECT_CONVERSION = YES_AGGRESSIVE;
				CLANG_CXX_LANGUAGE_STANDARD = "gnu++17";
				CLANG_ENABLE_MODULES = YES;
				CLANG_ENABLE_OBJC_ARC = YES;
				CLANG_ENABLE_OBJC_WEAK = YES;
				CLANG_WARN_BLOCK_CAPTURE_AUTORELEASING = YES;
				CLANG_WARN_BOOL_CONVERSION = YES;
				CLANG_WARN_COMMA = YES;
				CLANG_WARN_CONSTANT_CONVERSION = YES;
				CLANG_WARN_DEPRECATED_OBJC_IMPLEMENTATIONS = YES;
				CLANG_WARN_DIRECT_OBJC_ISA_USAGE = YES_ERROR;
				CLANG_WARN_DOCUMENTATION_COMMENTS = YES;
				CLANG_WARN_EMPTY_BODY = YES;
				CLANG_WARN_ENUM_CONVERSION = YES;
				CLANG_WARN_INFINITE_RECURSION = YES;
				CLANG_WARN_INT_CONVERSION = YES;
				CLANG_WARN_NON_LITERAL_NULL_CONVERSION = YES;
				CLANG_WARN_OBJC_IMPLICIT_RETAIN_SELF = YES;
				CLANG_WARN_OBJC_LITERAL_CONVERSION = YES;
				CLANG_WARN_OBJC_ROOT_CLASS = YES_ERROR;
				CLANG_WARN_QUOTED_INCLUDE_IN_FRAMEWORK_HEADER = YES;
				CLANG_WARN_RANGE_LOOP_ANALYSIS = YES;
				CLANG_WARN_STRICT_PROTOTYPES = YES;
				CLANG_WARN_SUSPICIOUS_MOVE = YES;
				CLANG_WARN_UNGUARDED_AVAILABILITY = YES_AGGRESSIVE;
				CLANG_WARN_UNREACHABLE_CODE = YES;
				CLANG_WARN__DUPLICATE_METHOD_MATCH = YES;
				COPY_PHASE_STRIP = NO;
				DEBUG_INFORMATION_FORMAT = "dwarf-with-dsym";
				ENABLE_NS_ASSERTIONS = NO;
				ENABLE_STRICT_OBJC_MSGSEND = YES;
				GCC_C_LANGUAGE_STANDARD = gnu11;
				GCC_NO_COMMON_BLOCKS = YES;
				GCC_WARN_64_TO_32_BIT_CONVERSION = YES;
				GCC_WARN_ABOUT_RETURN_TYPE = YES_ERROR;
				GCC_WARN_UNDECLARED_SELECTOR = YES;
				GCC_WARN_UNINITIALIZED_AUTOS = YES_AGGRESSIVE;
				GCC_WARN_UNUSED_FUNCTION = YES;
				GCC_WARN_UNUSED_VARIABLE = YES;
				IPHONEOS_DEPLOYMENT_TARGET = 15.5;
				MTL_ENABLE_DEBUG_INFO = NO;
				MTL_FAST_MATH = YES;
				SDKROOT = iphoneos;
				SWIFT_COMPILATION_MODE = wholemodule;
				SWIFT_OPTIMIZATION_LEVEL = "-O";
				VALIDATE_PRODUCT = YES;
			};
			name = Release;
		};
		60241D2A28F04BF9008CBB38 /* Debug */ = {
			isa = XCBuildConfiguration;
			buildSettings = {
				ASSETCATALOG_COMPILER_APPICON_NAME = AppIcon;
				ASSETCATALOG_COMPILER_GLOBAL_ACCENT_COLOR_NAME = AccentColor;
				CODE_SIGN_STYLE = Automatic;
				CURRENT_PROJECT_VERSION = 1;
				DEVELOPMENT_TEAM = 35FRDMCSG6;
				GENERATE_INFOPLIST_FILE = YES;
				INFOPLIST_FILE = "PersonalQuizSelf/Support files/Info.plist";
				INFOPLIST_KEY_UIApplicationSupportsIndirectInputEvents = YES;
				INFOPLIST_KEY_UILaunchStoryboardName = LaunchScreen;
				INFOPLIST_KEY_UIMainStoryboardFile = Main;
				INFOPLIST_KEY_UISupportedInterfaceOrientations_iPad = "UIInterfaceOrientationPortrait UIInterfaceOrientationPortraitUpsideDown UIInterfaceOrientationLandscapeLeft UIInterfaceOrientationLandscapeRight";
				INFOPLIST_KEY_UISupportedInterfaceOrientations_iPhone = "UIInterfaceOrientationPortrait UIInterfaceOrientationLandscapeLeft UIInterfaceOrientationLandscapeRight";
				LD_RUNPATH_SEARCH_PATHS = (
					"$(inherited)",
					"@executable_path/Frameworks",
				);
				MARKETING_VERSION = 1.0;
				PRODUCT_BUNDLE_IDENTIFIER = nikolay.khristolyubov.PersonalQuizSelf;
				PRODUCT_NAME = "$(TARGET_NAME)";
				SWIFT_EMIT_LOC_STRINGS = YES;
				SWIFT_VERSION = 5.0;
				TARGETED_DEVICE_FAMILY = 1;
			};
			name = Debug;
		};
		60241D2B28F04BF9008CBB38 /* Release */ = {
			isa = XCBuildConfiguration;
			buildSettings = {
				ASSETCATALOG_COMPILER_APPICON_NAME = AppIcon;
				ASSETCATALOG_COMPILER_GLOBAL_ACCENT_COLOR_NAME = AccentColor;
				CODE_SIGN_STYLE = Automatic;
				CURRENT_PROJECT_VERSION = 1;
				DEVELOPMENT_TEAM = 35FRDMCSG6;
				GENERATE_INFOPLIST_FILE = YES;
				INFOPLIST_FILE = "PersonalQuizSelf/Support files/Info.plist";
				INFOPLIST_KEY_UIApplicationSupportsIndirectInputEvents = YES;
				INFOPLIST_KEY_UILaunchStoryboardName = LaunchScreen;
				INFOPLIST_KEY_UIMainStoryboardFile = Main;
				INFOPLIST_KEY_UISupportedInterfaceOrientations_iPad = "UIInterfaceOrientationPortrait UIInterfaceOrientationPortraitUpsideDown UIInterfaceOrientationLandscapeLeft UIInterfaceOrientationLandscapeRight";
				INFOPLIST_KEY_UISupportedInterfaceOrientations_iPhone = "UIInterfaceOrientationPortrait UIInterfaceOrientationLandscapeLeft UIInterfaceOrientationLandscapeRight";
				LD_RUNPATH_SEARCH_PATHS = (
					"$(inherited)",
					"@executable_path/Frameworks",
				);
				MARKETING_VERSION = 1.0;
				PRODUCT_BUNDLE_IDENTIFIER = nikolay.khristolyubov.PersonalQuizSelf;
				PRODUCT_NAME = "$(TARGET_NAME)";
				SWIFT_EMIT_LOC_STRINGS = YES;
				SWIFT_VERSION = 5.0;
				TARGETED_DEVICE_FAMILY = 1;
			};
			name = Release;
		};
/* End XCBuildConfiguration section */

/* Begin XCConfigurationList section */
		60241D1028F04BF8008CBB38 /* Build configuration list for PBXProject "PersonalQuizSelf" */ = {
			isa = XCConfigurationList;
			buildConfigurations = (
				60241D2728F04BF9008CBB38 /* Debug */,
				60241D2828F04BF9008CBB38 /* Release */,
			);
			defaultConfigurationIsVisible = 0;
			defaultConfigurationName = Release;
		};
		60241D2928F04BF9008CBB38 /* Build configuration list for PBXNativeTarget "PersonalQuizSelf" */ = {
			isa = XCConfigurationList;
			buildConfigurations = (
				60241D2A28F04BF9008CBB38 /* Debug */,
				60241D2B28F04BF9008CBB38 /* Release */,
			);
			defaultConfigurationIsVisible = 0;
			defaultConfigurationName = Release;
		};
/* End XCConfigurationList section */
	};
	rootObject = 60241D0D28F04BF8008CBB38 /* Project object */;
}
